
Microsoft Visual Studio Solution File, Format Version 12.00
# Visual Studio Version 17
VisualStudioVersion = 17.1.32210.238
MinimumVisualStudioVersion = 10.0.40219.1
Project("{9A19103F-16F7-4668-BE54-9A1E7A4F7556}") = "BlazorChat", "BlazorChat.csproj", "{8DA348F8-BE6D-4A84-A48F-5DCDDF0CA589}"
EndProject
Global
	GlobalSection(SolutionConfigurationPlatforms) = preSolution
		Debug|Any CPU = Debug|Any CPU
		Release|Any CPU = Release|Any CPU
	EndGlobalSection
	GlobalSection(ProjectConfigurationPlatforms) = postSolution
		{8DA348F8-BE6D-4A84-A48F-5DCDDF0CA589}.Debug|Any CPU.ActiveCfg = Debug|Any CPU
		{8DA348F8-BE6D-4A84-A48F-5DCDDF0CA589}.Debug|Any CPU.Build.0 = Debug|Any CPU
		{8DA348F8-BE6D-4A84-A48F-5DCDDF0CA589}.Release|Any CPU.ActiveCfg = Release|Any CPU
		{8DA348F8-BE6D-4A84-A48F-5DCDDF0CA589}.Release|Any CPU.Build.0 = Release|Any CPU
	EndGlobalSection
	GlobalSection(SolutionProperties) = preSolution
		HideSolutionNode = FALSE
	EndGlobalSection
	GlobalSection(ExtensibilityGlobals) = postSolution
		SolutionGuid = {E2EEA235-A48D-41B5-9A45-78875FA8974E}
	EndGlobalSection
EndGlobal
